
Microsoft Visual Studio Solution File, Format Version 12.00
# Visual Studio Version 17
VisualStudioVersion = 17.10.35027.167
MinimumVisualStudioVersion = 10.0.40219.1
Project("{9A19103F-16F7-4668-BE54-9A1E7A4F7556}") = "TextImagery", "TextImagery.csproj", "{1AC0A869-A0F7-47C3-931C-FB87E959CC09}"
EndProject
Global
	GlobalSection(SolutionConfigurationPlatforms) = preSolution
		Debug|Any CPU = Debug|Any CPU
		Release|Any CPU = Release|Any CPU
	EndGlobalSection
	GlobalSection(ProjectConfigurationPlatforms) = postSolution
		{1AC0A869-A0F7-47C3-931C-FB87E959CC09}.Debug|Any CPU.ActiveCfg = Debug|Any CPU
		{1AC0A869-A0F7-47C3-931C-FB87E959CC09}.Debug|Any CPU.Build.0 = Debug|Any CPU
		{1AC0A869-A0F7-47C3-931C-FB87E959CC09}.Release|Any CPU.ActiveCfg = Release|Any CPU
		{1AC0A869-A0F7-47C3-931C-FB87E959CC09}.Release|Any CPU.Build.0 = Release|Any CPU
	EndGlobalSection
	GlobalSection(SolutionProperties) = preSolution
		HideSolutionNode = FALSE
	EndGlobalSection
	GlobalSection(ExtensibilityGlobals) = postSolution
		SolutionGuid = {2865714B-946D-45C2-B68E-5F00C4FB1FAD}
	EndGlobalSection
EndGlobal
